<?xml version="1.0" encoding="utf-8"?>
<Project ToolsVersion="4.0" xmlns="http://schemas.microsoft.com/developer/msbuild/2003">
  <ItemGroup>
    <Filter Include="소스 파일">
      <UniqueIdentifier>{4FC737F1-C7A5-4376-A066-2A32D752A2FF}</UniqueIdentifier>
      <Extensions>cpp;c;cc;cxx;c++;cppm;ixx;def;odl;idl;hpj;bat;asm;asmx</Extensions>
    </Filter>
    <Filter Include="헤더 파일">
      <UniqueIdentifier>{93995380-89BD-4b04-88EB-625FBE52EBFB}</UniqueIdentifier>
      <Extensions>h;hh;hpp;hxx;h++;hm;inl;inc;ipp;xsd</Extensions>
    </Filter>
    <Filter Include="리소스 파일">
      <UniqueIdentifier>{67DA6AB6-F800-4c08-8B7A-83BB121AAD01}</UniqueIdentifier>
      <Extensions>rc;ico;cur;bmp;dlg;rc2;rct;bin;rgs;gif;jpg;jpeg;jpe;resx;tiff;tif;png;wav;mfcribbon-ms</Extensions>
    </Filter>
  </ItemGroup>
  <ItemGroup>
    <ClInclude Include="Unit\Character.h">
      <Filter>헤더 파일</Filter>
    </ClInclude>
    <ClInclude Include="Unit\Player\Player.h">
      <Filter>헤더 파일</Filter>
    </ClInclude>
    <ClInclude Include="GameMode\GameModeBase.h">
      <Filter>헤더 파일</Filter>
    </ClInclude>
    <ClInclude Include="GameManager\UIManager.h">
      <Filter>헤더 파일</Filter>
    </ClInclude>
    <ClInclude Include="Item\ItemBase.h">
      <Filter>헤더 파일</Filter>
    </ClInclude>
    <ClInclude Include="Item\Inventory.h">
      <Filter>헤더 파일</Filter>
    </ClInclude>
    <ClInclude Include="Enums\EItemType.h">
      <Filter>헤더 파일</Filter>
    </ClInclude>
    <ClInclude Include="Unit\Monster\Monster.h">
      <Filter>헤더 파일</Filter>
    </ClInclude>
    <ClInclude Include="GameState\GameStateBase.h">
      <Filter>헤더 파일</Filter>
    </ClInclude>
    <ClInclude Include="Enums\EGameState.h">
      <Filter>헤더 파일</Filter>
    </ClInclude>
    <ClInclude Include="GameMode\DungeonGameMode.h">
      <Filter>헤더 파일</Filter>
    </ClInclude>
    <ClInclude Include="GameState\DungeonGameState.h">
      <Filter>헤더 파일</Filter>
    </ClInclude>
    <ClInclude Include="Core\User.h">
      <Filter>헤더 파일</Filter>
    </ClInclude>
    <ClInclude Include="Enums\EItemGrade.h">
      <Filter>헤더 파일</Filter>
    </ClInclude>
    <ClInclude Include="Enums\EItemValueType.h">
      <Filter>헤더 파일</Filter>
    </ClInclude>
    <ClInclude Include="Enums\EStatType.h">
      <Filter>헤더 파일</Filter>
    </ClInclude>
    <ClInclude Include="Item\Potion.h">
      <Filter>헤더 파일</Filter>
    </ClInclude>
    <ClInclude Include="Enums\EJobType.h">
      <Filter>헤더 파일</Filter>
    </ClInclude>
    <ClInclude Include="Enums\EDerivedStatType.h">
      <Filter>헤더 파일</Filter>
    </ClInclude>
    <ClInclude Include="Data\JobData.h">
      <Filter>헤더 파일</Filter>
    </ClInclude>
    <ClInclude Include="Data\StatData.h">
      <Filter>헤더 파일</Filter>
    </ClInclude>
    <ClInclude Include="Data\BaseStatBonus.h">
      <Filter>헤더 파일</Filter>
    </ClInclude>
    <ClInclude Include="Utils\StatFormatting.h">
      <Filter>헤더 파일</Filter>
    </ClInclude>
    <ClInclude Include="Unit\Skill\ISkill.h">
      <Filter>헤더 파일</Filter>
    </ClInclude>
    <ClInclude Include="Unit\Player\AttackStrategy.h">
      <Filter>헤더 파일</Filter>
    </ClInclude>
    <ClInclude Include="Data\BattleData.h">
      <Filter>헤더 파일</Filter>
    </ClInclude>
    <ClInclude Include="Core\Delegate.h">
      <Filter>헤더 파일</Filter>
    </ClInclude>
    <ClInclude Include="Enums\EBattleActionType.h">
      <Filter>헤더 파일</Filter>
    </ClInclude>
    <ClInclude Include="Shop\Shop.h">
      <Filter>헤더 파일</Filter>
    </ClInclude>
    <ClInclude Include="Shop\PotionShop.h">
      <Filter>헤더 파일</Filter>
    </ClInclude>
    <ClInclude Include="Item\Recipe.h">
      <Filter>헤더 파일</Filter>
    </ClInclude>
    <ClInclude Include="Core\StateMachine.h">
      <Filter>헤더 파일</Filter>
    </ClInclude>
    <ClInclude Include="Data\DungeonData.h">
      <Filter>헤더 파일</Filter>
    </ClInclude>
    <ClInclude Include="Controller\BattleController.h">
      <Filter>헤더 파일</Filter>
    </ClInclude>
    <ClInclude Include="Controller\DungeonController.h">
      <Filter>헤더 파일</Filter>
    </ClInclude>
    <ClInclude Include="Controller\ShopController.h">
      <Filter>헤더 파일</Filter>
    </ClInclude>
    <ClInclude Include="Controller\InventoryController.h">
      <Filter>헤더 파일</Filter>
    </ClInclude>
    <ClInclude Include="Controller\StatController.h">
      <Filter>헤더 파일</Filter>
    </ClInclude>
    <ClInclude Include="Controller\JobController.h">
      <Filter>헤더 파일</Filter>
    </ClInclude>
    <ClInclude Include="Controller\TownController.h">
      <Filter>헤더 파일</Filter>
    </ClInclude>
    <ClInclude Include="Core\Singleton.h">
      <Filter>헤더 파일</Filter>
    </ClInclude>
    <ClInclude Include="GameManager\DataManager.h">
      <Filter>헤더 파일</Filter>
    </ClInclude>
  </ItemGroup>
  <ItemGroup>
    <ClCompile Include="Unit\Character.cpp">
      <Filter>소스 파일</Filter>
    </ClCompile>
    <ClCompile Include="Unit\Player\Player.cpp">
      <Filter>소스 파일</Filter>
    </ClCompile>
    <ClCompile Include="GameMode\GameModeBase.cpp">
      <Filter>소스 파일</Filter>
    </ClCompile>
    <ClCompile Include="GameManager\UIManager.cpp">
      <Filter>소스 파일</Filter>
    </ClCompile>
    <ClCompile Include="Item\ItemBase.cpp">
      <Filter>소스 파일</Filter>
    </ClCompile>
    <ClCompile Include="Item\Inventory.cpp">
      <Filter>소스 파일</Filter>
    </ClCompile>
    <ClCompile Include="Unit\Monster\Monster.cpp">
      <Filter>소스 파일</Filter>
    </ClCompile>
    <ClCompile Include="GameState\GameStateBase.cpp">
      <Filter>소스 파일</Filter>
    </ClCompile>
    <ClCompile Include="main.cpp">
      <Filter>소스 파일</Filter>
    </ClCompile>
    <ClCompile Include="GameMode\DungeonGameMode.cpp">
      <Filter>소스 파일</Filter>
    </ClCompile>
    <ClCompile Include="GameState\DungeonGameState.cpp">
      <Filter>소스 파일</Filter>
    </ClCompile>
    <ClCompile Include="Core\User.cpp">
      <Filter>소스 파일</Filter>
    </ClCompile>
    <ClCompile Include="Item\Potion.cpp">
      <Filter>소스 파일</Filter>
    </ClCompile>
    <ClCompile Include="Data\JobData.cpp">
      <Filter>소스 파일</Filter>
    </ClCompile>
    <ClCompile Include="Data\StatData.cpp">
      <Filter>소스 파일</Filter>
    </ClCompile>
    <ClCompile Include="Utils\StatFormatting.cpp">
      <Filter>소스 파일</Filter>
    </ClCompile>
    <ClCompile Include="Shop\Shop.cpp">
      <Filter>소스 파일</Filter>
    </ClCompile>
    <ClCompile Include="Shop\PotionShop.cpp">
      <Filter>소스 파일</Filter>
    </ClCompile>
    <ClCompile Include="Item\Recipe.cpp">
      <Filter>소스 파일</Filter>
    </ClCompile>
    <ClCompile Include="Data\DungeonData.cpp">
      <Filter>소스 파일</Filter>
    </ClCompile>
    <ClCompile Include="Controller\BattleController.cpp">
      <Filter>소스 파일</Filter>
    </ClCompile>
    <ClCompile Include="Controller\DungeonController.cpp">
      <Filter>소스 파일</Filter>
    </ClCompile>
    <ClCompile Include="Controller\ShopController.cpp">
      <Filter>소스 파일</Filter>
    </ClCompile>
    <ClCompile Include="Controller\InventoryController.cpp">
      <Filter>소스 파일</Filter>
    </ClCompile>
    <ClCompile Include="Controller\StatController.cpp">
      <Filter>소스 파일</Filter>
    </ClCompile>
    <ClCompile Include="Controller\JobController.cpp">
      <Filter>소스 파일</Filter>
    </ClCompile>
    <ClCompile Include="Controller\TownController.cpp">
      <Filter>소스 파일</Filter>
    </ClCompile>
  </ItemGroup>
</Project>